
Microsoft Visual Studio Solution File, Format Version 12.00
# Visual Studio Version 16
VisualStudioVersion = 16.0.30804.86
MinimumVisualStudioVersion = 10.0.40219.1
Project("{FAE04EC0-301F-11D3-BF4B-00C04F79EFBC}") = "PathFinding", "PathFinding.csproj", "{FF7FD71D-30C3-40AE-94E7-5F60BF987C7B}"
EndProject
Global
	GlobalSection(SolutionConfigurationPlatforms) = preSolution
		Debug|Any CPU = Debug|Any CPU
		Release|Any CPU = Release|Any CPU
	EndGlobalSection
	GlobalSection(ProjectConfigurationPlatforms) = postSolution
		{FF7FD71D-30C3-40AE-94E7-5F60BF987C7B}.Debug|Any CPU.ActiveCfg = Debug|Any CPU
		{FF7FD71D-30C3-40AE-94E7-5F60BF987C7B}.Debug|Any CPU.Build.0 = Debug|Any CPU
		{FF7FD71D-30C3-40AE-94E7-5F60BF987C7B}.Release|Any CPU.ActiveCfg = Release|Any CPU
		{FF7FD71D-30C3-40AE-94E7-5F60BF987C7B}.Release|Any CPU.Build.0 = Release|Any CPU
	EndGlobalSection
	GlobalSection(SolutionProperties) = preSolution
		HideSolutionNode = FALSE
	EndGlobalSection
	GlobalSection(ExtensibilityGlobals) = postSolution
		SolutionGuid = {69E963B4-5C04-4C8E-AE0C-BAEEA5332BB6}
	EndGlobalSection
EndGlobal
